
Microsoft Visual Studio Solution File, Format Version 12.00
# Visual Studio Version 16
VisualStudioVersion = 16.0.29418.71
MinimumVisualStudioVersion = 10.0.40219.1
Project("{8BC9CEB8-8B4A-11D0-8D11-00A0C91BC942}") = "pr4_5", "pr4_5\pr4_5.vcxproj", "{7DECBEDD-8624-47E1-9EB1-6CD483FE5121}"
EndProject
Global
	GlobalSection(SolutionConfigurationPlatforms) = preSolution
		Debug|x64 = Debug|x64
		Debug|x86 = Debug|x86
		Release|x64 = Release|x64
		Release|x86 = Release|x86
	EndGlobalSection
	GlobalSection(ProjectConfigurationPlatforms) = postSolution
		{7DECBEDD-8624-47E1-9EB1-6CD483FE5121}.Debug|x64.ActiveCfg = Debug|x64
		{7DECBEDD-8624-47E1-9EB1-6CD483FE5121}.Debug|x64.Build.0 = Debug|x64
		{7DECBEDD-8624-47E1-9EB1-6CD483FE5121}.Debug|x86.ActiveCfg = Debug|Win32
		{7DECBEDD-8624-47E1-9EB1-6CD483FE5121}.Debug|x86.Build.0 = Debug|Win32
		{7DECBEDD-8624-47E1-9EB1-6CD483FE5121}.Release|x64.ActiveCfg = Release|x64
		{7DECBEDD-8624-47E1-9EB1-6CD483FE5121}.Release|x64.Build.0 = Release|x64
		{7DECBEDD-8624-47E1-9EB1-6CD483FE5121}.Release|x86.ActiveCfg = Release|Win32
		{7DECBEDD-8624-47E1-9EB1-6CD483FE5121}.Release|x86.Build.0 = Release|Win32
	EndGlobalSection
	GlobalSection(SolutionProperties) = preSolution
		HideSolutionNode = FALSE
	EndGlobalSection
	GlobalSection(ExtensibilityGlobals) = postSolution
		SolutionGuid = {24039487-D0DB-44DF-93B6-FB619F3475CA}
	EndGlobalSection
EndGlobal
